// !$*UTF8*$!
{
	archiveVersion = 1;
	classes = {
	};
	objectVersion = 46;
	objects = {

/* Begin PBXBuildFile section */
		97258EBA14BD29C400E92184 /* UIKit.framework in Frameworks */ = {isa = PBXBuildFile; fileRef = 97258EB914BD29C400E92184 /* UIKit.framework */; };
		97258EBC14BD29C400E92184 /* Foundation.framework in Frameworks */ = {isa = PBXBuildFile; fileRef = 97258EBB14BD29C400E92184 /* Foundation.framework */; };
		97258EBE14BD29C400E92184 /* CoreGraphics.framework in Frameworks */ = {isa = PBXBuildFile; fileRef = 97258EBD14BD29C400E92184 /* CoreGraphics.framework */; };
		97258EC414BD29C400E92184 /* InfoPlist.strings in Resources */ = {isa = PBXBuildFile; fileRef = 97258EC214BD29C400E92184 /* InfoPlist.strings */; };
		97258EC614BD29C400E92184 /* main.m in Sources */ = {isa = PBXBuildFile; fileRef = 97258EC514BD29C400E92184 /* main.m */; };
		97258ECA14BD29C400E92184 /* PRPAppDelegate.m in Sources */ = {isa = PBXBuildFile; fileRef = 97258EC914BD29C400E92184 /* PRPAppDelegate.m */; };
		97258ECD14BD29C400E92184 /* PRPViewController.m in Sources */ = {isa = PBXBuildFile; fileRef = 97258ECC14BD29C400E92184 /* PRPViewController.m */; };
		97258ED014BD29C400E92184 /* PRPViewController.xib in Resources */ = {isa = PBXBuildFile; fileRef = 97258ECE14BD29C400E92184 /* PRPViewController.xib */; };
		97258ED814BD2D6500E92184 /* PRPRecipe.m in Sources */ = {isa = PBXBuildFile; fileRef = 97258ED714BD2D6500E92184 /* PRPRecipe.m */; };
		9799D10E14C46D0F00930BCC /* PRPRecipesListViewController.m in Sources */ = {isa = PBXBuildFile; fileRef = 9799D10C14C46D0F00930BCC /* PRPRecipesListViewController.m */; };
		9799D10F14C46D0F00930BCC /* PRPRecipesListViewController.xib in Resources */ = {isa = PBXBuildFile; fileRef = 9799D10D14C46D0F00930BCC /* PRPRecipesListViewController.xib */; };
		97B3F56614C346C400DC8F95 /* IMG_1948.jpg in Resources */ = {isa = PBXBuildFile; fileRef = 97B3F56514C346C400DC8F95 /* IMG_1948.jpg */; };
/* End PBXBuildFile section */

/* Begin PBXFileReference section */
		97258EB514BD29C400E92184 /* Recipes.app */ = {isa = PBXFileReference; explicitFileType = wrapper.application; includeInIndex = 0; path = Recipes.app; sourceTree = BUILT_PRODUCTS_DIR; };
		97258EB914BD29C400E92184 /* UIKit.framework */ = {isa = PBXFileReference; lastKnownFileType = wrapper.framework; name = UIKit.framework; path = System/Library/Frameworks/UIKit.framework; sourceTree = SDKROOT; };
		97258EBB14BD29C400E92184 /* Foundation.framework */ = {isa = PBXFileReference; lastKnownFileType = wrapper.framework; name = Foundation.framework; path = System/Library/Frameworks/Foundation.framework; sourceTree = SDKROOT; };
		97258EBD14BD29C400E92184 /* CoreGraphics.framework */ = {isa = PBXFileReference; lastKnownFileType = wrapper.framework; name = CoreGraphics.framework; path = System/Library/Frameworks/CoreGraphics.framework; sourceTree = SDKROOT; };
		97258EC114BD29C400E92184 /* Recipes-Info.plist */ = {isa = PBXFileReference; lastKnownFileType = text.plist.xml; path = "Recipes-Info.plist"; sourceTree = "<group>"; };
		97258EC314BD29C400E92184 /* en */ = {isa = PBXFileReference; lastKnownFileType = text.plist.strings; name = en; path = en.lproj/InfoPlist.strings; sourceTree = "<group>"; };
		97258EC514BD29C400E92184 /* main.m */ = {isa = PBXFileReference; lastKnownFileType = sourcecode.c.objc; path = main.m; sourceTree = "<group>"; };
		97258EC714BD29C400E92184 /* Recipes-Prefix.pch */ = {isa = PBXFileReference; lastKnownFileType = sourcecode.c.h; path = "Recipes-Prefix.pch"; sourceTree = "<group>"; };
		97258EC814BD29C400E92184 /* PRPAppDelegate.h */ = {isa = PBXFileReference; lastKnownFileType = sourcecode.c.h; path = PRPAppDelegate.h; sourceTree = "<group>"; };
		97258EC914BD29C400E92184 /* PRPAppDelegate.m */ = {isa = PBXFileReference; lastKnownFileType = sourcecode.c.objc; path = PRPAppDelegate.m; sourceTree = "<group>"; };
		97258ECB14BD29C400E92184 /* PRPViewController.h */ = {isa = PBXFileReference; lastKnownFileType = sourcecode.c.h; path = PRPViewController.h; sourceTree = "<group>"; };
		97258ECC14BD29C400E92184 /* PRPViewController.m */ = {isa = PBXFileReference; lastKnownFileType = sourcecode.c.objc; path = PRPViewController.m; sourceTree = "<group>"; };
		97258ECF14BD29C400E92184 /* en */ = {isa = PBXFileReference; lastKnownFileType = file.xib; name = en; path = en.lproj/PRPViewController.xib; sourceTree = "<group>"; };
		97258ED614BD2D6500E92184 /* PRPRecipe.h */ = {isa = PBXFileReference; fileEncoding = 4; lastKnownFileType = sourcecode.c.h; path = PRPRecipe.h; sourceTree = "<group>"; };
		97258ED714BD2D6500E92184 /* PRPRecipe.m */ = {isa = PBXFileReference; fileEncoding = 4; lastKnownFileType = sourcecode.c.objc; path = PRPRecipe.m; sourceTree = "<group>"; };
		9799D10B14C46D0F00930BCC /* PRPRecipesListViewController.h */ = {isa = PBXFileReference; fileEncoding = 4; lastKnownFileType = sourcecode.c.h; path = PRPRecipesListViewController.h; sourceTree = "<group>"; };
		9799D10C14C46D0F00930BCC /* PRPRecipesListViewController.m */ = {isa = PBXFileReference; fileEncoding = 4; lastKnownFileType = sourcecode.c.objc; path = PRPRecipesListViewController.m; sourceTree = "<group>"; };
		9799D10D14C46D0F00930BCC /* PRPRecipesListViewController.xib */ = {isa = PBXFileReference; fileEncoding = 4; lastKnownFileType = file.xib; path = PRPRecipesListViewController.xib; sourceTree = "<group>"; };
		97B3F56514C346C400DC8F95 /* IMG_1948.jpg */ = {isa = PBXFileReference; lastKnownFileType = image.jpeg; path = IMG_1948.jpg; sourceTree = "<group>"; };
		97B3F56914C386AF00DC8F95 /* README.md */ = {isa = PBXFileReference; lastKnownFileType = text; path = README.md; sourceTree = "<group>"; };
/* End PBXFileReference section */

/* Begin PBXFrameworksBuildPhase section */
		97258EB214BD29C400E92184 /* Frameworks */ = {
			isa = PBXFrameworksBuildPhase;
			buildActionMask = 2147483647;
			files = (
				97258EBA14BD29C400E92184 /* UIKit.framework in Frameworks */,
				97258EBC14BD29C400E92184 /* Foundation.framework in Frameworks */,
				97258EBE14BD29C400E92184 /* CoreGraphics.framework in Frameworks */,
			);
			runOnlyForDeploymentPostprocessing = 0;
		};
/* End PBXFrameworksBuildPhase section */

/* Begin PBXGroup section */
		97258EAA14BD29C400E92184 = {
			isa = PBXGroup;
			children = (
				97B3F56914C386AF00DC8F95 /* README.md */,
				97258EBF14BD29C400E92184 /* Recipes */,
				97258EB814BD29C400E92184 /* Frameworks */,
				97258EB614BD29C400E92184 /* Products */,
			);
			sourceTree = "<group>";
		};
		97258EB614BD29C400E92184 /* Products */ = {
			isa = PBXGroup;
			children = (
				97258EB514BD29C400E92184 /* Recipes.app */,
			);
			name = Products;
			sourceTree = "<group>";
		};
		97258EB814BD29C400E92184 /* Frameworks */ = {
			isa = PBXGroup;
			children = (
				97258EB914BD29C400E92184 /* UIKit.framework */,
				97258EBB14BD29C400E92184 /* Foundation.framework */,
				97258EBD14BD29C400E92184 /* CoreGraphics.framework */,
			);
			name = Frameworks;
			sourceTree = "<group>";
		};
		97258EBF14BD29C400E92184 /* Recipes */ = {
			isa = PBXGroup;
			children = (
				97B3F56514C346C400DC8F95 /* IMG_1948.jpg */,
				97258ED614BD2D6500E92184 /* PRPRecipe.h */,
				97258ED714BD2D6500E92184 /* PRPRecipe.m */,
				97258EC814BD29C400E92184 /* PRPAppDelegate.h */,
				97258EC914BD29C400E92184 /* PRPAppDelegate.m */,
				97258ECB14BD29C400E92184 /* PRPViewController.h */,
				97258ECC14BD29C400E92184 /* PRPViewController.m */,
				97258ECE14BD29C400E92184 /* PRPViewController.xib */,
				97258EC014BD29C400E92184 /* Supporting Files */,
				9799D10B14C46D0F00930BCC /* PRPRecipesListViewController.h */,
				9799D10C14C46D0F00930BCC /* PRPRecipesListViewController.m */,
				9799D10D14C46D0F00930BCC /* PRPRecipesListViewController.xib */,
			);
			path = Recipes;
			sourceTree = "<group>";
		};
		97258EC014BD29C400E92184 /* Supporting Files */ = {
			isa = PBXGroup;
			children = (
				97258EC114BD29C400E92184 /* Recipes-Info.plist */,
				97258EC214BD29C400E92184 /* InfoPlist.strings */,
				97258EC514BD29C400E92184 /* main.m */,
				97258EC714BD29C400E92184 /* Recipes-Prefix.pch */,
			);
			name = "Supporting Files";
			sourceTree = "<group>";
		};
/* End PBXGroup section */

/* Begin PBXNativeTarget section */
		97258EB414BD29C400E92184 /* Recipes */ = {
			isa = PBXNativeTarget;
			buildConfigurationList = 97258ED314BD29C400E92184 /* Build configuration list for PBXNativeTarget "Recipes" */;
			buildPhases = (
				97258EB114BD29C400E92184 /* Sources */,
				97258EB214BD29C400E92184 /* Frameworks */,
				97258EB314BD29C400E92184 /* Resources */,
			);
			buildRules = (
			);
			dependencies = (
			);
			name = Recipes;
			productName = Recipes;
			productReference = 97258EB514BD29C400E92184 /* Recipes.app */;
			productType = "com.apple.product-type.application";
		};
/* End PBXNativeTarget section */

/* Begin PBXProject section */
		97258EAC14BD29C400E92184 /* Project object */ = {
			isa = PBXProject;
			attributes = {
				CLASSPREFIX = PRP;
				LastUpgradeCheck = 0430;
				ORGANIZATIONNAME = "e-tuitive";
			};
			buildConfigurationList = 97258EAF14BD29C400E92184 /* Build configuration list for PBXProject "Recipes" */;
			compatibilityVersion = "Xcode 3.2";
			developmentRegion = English;
			hasScannedForEncodings = 0;
			knownRegions = (
				en,
			);
			mainGroup = 97258EAA14BD29C400E92184;
			productRefGroup = 97258EB614BD29C400E92184 /* Products */;
			projectDirPath = "";
			projectRoot = "";
			targets = (
				97258EB414BD29C400E92184 /* Recipes */,
			);
		};
/* End PBXProject section */

/* Begin PBXResourcesBuildPhase section */
		97258EB314BD29C400E92184 /* Resources */ = {
			isa = PBXResourcesBuildPhase;
			buildActionMask = 2147483647;
			files = (
				97258EC414BD29C400E92184 /* InfoPlist.strings in Resources */,
				97258ED014BD29C400E92184 /* PRPViewController.xib in Resources */,
				97B3F56614C346C400DC8F95 /* IMG_1948.jpg in Resources */,
				9799D10F14C46D0F00930BCC /* PRPRecipesListViewController.xib in Resources */,
			);
			runOnlyForDeploymentPostprocessing = 0;
		};
/* End PBXResourcesBuildPhase section */

/* Begin PBXSourcesBuildPhase section */
		97258EB114BD29C400E92184 /* Sources */ = {
			isa = PBXSourcesBuildPhase;
			buildActionMask = 2147483647;
			files = (
				97258EC614BD29C400E92184 /* main.m in Sources */,
				97258ECA14BD29C400E92184 /* PRPAppDelegate.m in Sources */,
				97258ECD14BD29C400E92184 /* PRPViewController.m in Sources */,
				97258ED814BD2D6500E92184 /* PRPRecipe.m in Sources */,
				9799D10E14C46D0F00930BCC /* PRPRecipesListViewController.m in Sources */,
			);
			runOnlyForDeploymentPostprocessing = 0;
		};
/* End PBXSourcesBuildPhase section */

/* Begin PBXVariantGroup section */
		97258EC214BD29C400E92184 /* InfoPlist.strings */ = {
			isa = PBXVariantGroup;
			children = (
				97258EC314BD29C400E92184 /* en */,
			);
			name = InfoPlist.strings;
			sourceTree = "<group>";
		};
		97258ECE14BD29C400E92184 /* PRPViewController.xib */ = {
			isa = PBXVariantGroup;
			children = (
				97258ECF14BD29C400E92184 /* en */,
			);
			name = PRPViewController.xib;
			sourceTree = "<group>";
		};
/* End PBXVariantGroup section */

/* Begin XCBuildConfiguration section */
		97258ED114BD29C400E92184 /* Debug */ = {
			isa = XCBuildConfiguration;
			buildSettings = {
				ALWAYS_SEARCH_USER_PATHS = NO;
				ARCHS = "$(ARCHS_STANDARD_32_BIT)";
				CLANG_ENABLE_OBJC_ARC = YES;
				"CODE_SIGN_IDENTITY[sdk=iphoneos*]" = "iPhone Developer";
				COPY_PHASE_STRIP = NO;
				GCC_C_LANGUAGE_STANDARD = gnu99;
				GCC_DYNAMIC_NO_PIC = NO;
				GCC_OPTIMIZATION_LEVEL = 0;
				GCC_PREPROCESSOR_DEFINITIONS = (
					"DEBUG=1",
					"$(inherited)",
				);
				GCC_SYMBOLS_PRIVATE_EXTERN = NO;
				GCC_VERSION = com.apple.compilers.llvm.clang.1_0;
				GCC_WARN_ABOUT_RETURN_TYPE = YES;
				GCC_WARN_UNINITIALIZED_AUTOS = YES;
				GCC_WARN_UNUSED_VARIABLE = YES;
				IPHONEOS_DEPLOYMENT_TARGET = 5.1;
				SDKROOT = iphoneos;
			};
			name = Debug;
		};
		97258ED214BD29C400E92184 /* Release */ = {
			isa = XCBuildConfiguration;
			buildSettings = {
				ALWAYS_SEARCH_USER_PATHS = NO;
				ARCHS = "$(ARCHS_STANDARD_32_BIT)";
				CLANG_ENABLE_OBJC_ARC = YES;
				"CODE_SIGN_IDENTITY[sdk=iphoneos*]" = "iPhone Developer";
				COPY_PHASE_STRIP = YES;
				GCC_C_LANGUAGE_STANDARD = gnu99;
				GCC_VERSION = com.apple.compilers.llvm.clang.1_0;
				GCC_WARN_ABOUT_RETURN_TYPE = YES;
				GCC_WARN_UNINITIALIZED_AUTOS = YES;
				GCC_WARN_UNUSED_VARIABLE = YES;
				IPHONEOS_DEPLOYMENT_TARGET = 5.1;
				OTHER_CFLAGS = "-DNS_BLOCK_ASSERTIONS=1";
				SDKROOT = iphoneos;
				VALIDATE_PRODUCT = YES;
			};
			name = Release;
		};
		97258ED414BD29C400E92184 /* Debug */ = {
			isa = XCBuildConfiguration;
			buildSettings = {
				GCC_PRECOMPILE_PREFIX_HEADER = YES;
				GCC_PREFIX_HEADER = "Recipes/Recipes-Prefix.pch";
				INFOPLIST_FILE = "Recipes/Recipes-Info.plist";
				PRODUCT_NAME = "$(TARGET_NAME)";
				WRAPPER_EXTENSION = app;
			};
			name = Debug;
		};
		97258ED514BD29C400E92184 /* Release */ = {
			isa = XCBuildConfiguration;
			buildSettings = {
				GCC_PRECOMPILE_PREFIX_HEADER = YES;
				GCC_PREFIX_HEADER = "Recipes/Recipes-Prefix.pch";
				INFOPLIST_FILE = "Recipes/Recipes-Info.plist";
				PRODUCT_NAME = "$(TARGET_NAME)";
				WRAPPER_EXTENSION = app;
			};
			name = Release;
		};
/* End XCBuildConfiguration section */

/* Begin XCConfigurationList section */
		97258EAF14BD29C400E92184 /* Build configuration list for PBXProject "Recipes" */ = {
			isa = XCConfigurationList;
			buildConfigurations = (
				97258ED114BD29C400E92184 /* Debug */,
				97258ED214BD29C400E92184 /* Release */,
			);
			defaultConfigurationIsVisible = 0;
			defaultConfigurationName = Release;
		};
		97258ED314BD29C400E92184 /* Build configuration list for PBXNativeTarget "Recipes" */ = {
			isa = XCConfigurationList;
			buildConfigurations = (
				97258ED414BD29C400E92184 /* Debug */,
				97258ED514BD29C400E92184 /* Release */,
			);
			defaultConfigurationIsVisible = 0;
			defaultConfigurationName = Release;
		};
/* End XCConfigurationList section */
	};
	rootObject = 97258EAC14BD29C400E92184 /* Project object */;
}
